<?xml version="1.0" encoding="utf-8"?>
<Project ToolsVersion="4.0" xmlns="http://schemas.microsoft.com/developer/msbuild/2003">
  <ItemGroup>
    <Filter Include="Source Files">
      <UniqueIdentifier>{4FC737F1-C7A5-4376-A066-2A32D752A2FF}</UniqueIdentifier>
      <Extensions>cpp;c;cc;cxx;def;odl;idl;hpj;bat;asm;asmx</Extensions>
    </Filter>
    <Filter Include="Header Files">
      <UniqueIdentifier>{93995380-89BD-4b04-88EB-625FBE52EBFB}</UniqueIdentifier>
      <Extensions>h;hpp;hxx;hm;inl;inc;xsd</Extensions>
    </Filter>
    <Filter Include="Resource Files">
      <UniqueIdentifier>{67DA6AB6-F800-4c08-8B7A-83BB121AAD01}</UniqueIdentifier>
      <Extensions>rc;ico;cur;bmp;dlg;rc2;rct;bin;rgs;gif;jpg;jpeg;jpe;resx;tiff;tif;png;wav</Extensions>
    </Filter>
    <Filter Include="platform">
      <UniqueIdentifier>{f9903a0d-0db2-4252-a9cc-1585479f59b4}</UniqueIdentifier>
    </Filter>
    <Filter Include="Main">
      <UniqueIdentifier>{2ae51803-9194-4384-9ce3-072460a11266}</UniqueIdentifier>
    </Filter>
    <Filter Include="Generated C Sources">
      <UniqueIdentifier>{df02afd4-5f87-4457-9f3e-c109d3c011a6}</UniqueIdentifier>
    </Filter>
  </ItemGroup>
  <ItemGroup>
    <ClCompile Include="..\..\vm\class.c">
      <Filter>Source Files</Filter>
    </ClCompile>
    <ClCompile Include="..\..\vm\codeobj.c">
      <Filter>Source Files</Filter>
    </ClCompile>
    <ClCompile Include="..\..\vm\dict.c">
      <Filter>Source Files</Filter>
    </ClCompile>
    <ClCompile Include="..\..\vm\float.c">
      <Filter>Source Files</Filter>
    </ClCompile>
    <ClCompile Include="..\..\vm\frame.c">
      <Filter>Source Files</Filter>
    </ClCompile>
    <ClCompile Include="..\..\vm\func.c">
      <Filter>Source Files</Filter>
    </ClCompile>
    <ClCompile Include="..\..\vm\global.c">
      <Filter>Source Files</Filter>
    </ClCompile>
    <ClCompile Include="..\..\vm\heap.c">
      <Filter>Source Files</Filter>
    </ClCompile>
    <ClCompile Include="..\..\vm\img.c">
      <Filter>Source Files</Filter>
    </ClCompile>
    <ClCompile Include="..\..\vm\int.c">
      <Filter>Source Files</Filter>
    </ClCompile>
    <ClCompile Include="..\..\vm\interp.c">
      <Filter>Source Files</Filter>
    </ClCompile>
    <ClCompile Include="..\..\vm\list.c">
      <Filter>Source Files</Filter>
    </ClCompile>
    <ClCompile Include="..\..\vm\mem.c">
      <Filter>Source Files</Filter>
    </ClCompile>
    <ClCompile Include="..\..\vm\module.c">
      <Filter>Source Files</Filter>
    </ClCompile>
    <ClCompile Include="..\..\vm\obj.c">
      <Filter>Source Files</Filter>
    </ClCompile>
    <ClCompile Include="..\..\vm\pm.c">
      <Filter>Source Files</Filter>
    </ClCompile>
    <ClCompile Include="..\..\vm\seglist.c">
      <Filter>Source Files</Filter>
    </ClCompile>
    <ClCompile Include="..\..\vm\seq.c">
      <Filter>Source Files</Filter>
    </ClCompile>
    <ClCompile Include="..\..\vm\sli.c">
      <Filter>Source Files</Filter>
    </ClCompile>
    <ClCompile Include="..\..\vm\strobj.c">
      <Filter>Source Files</Filter>
    </ClCompile>
    <ClCompile Include="..\..\vm\thread.c">
      <Filter>Source Files</Filter>
    </ClCompile>
    <ClCompile Include="..\..\vm\tuple.c">
      <Filter>Source Files</Filter>
    </ClCompile>
    <ClCompile Include="plat.c">
      <Filter>platform</Filter>
    </ClCompile>
    <ClCompile Include="main.c">
      <Filter>Main</Filter>
    </ClCompile>
    <ClCompile Include="main_img.c">
      <Filter>Generated C Sources</Filter>
    </ClCompile>
    <ClCompile Include="main_nat.c">
      <Filter>Generated C Sources</Filter>
    </ClCompile>
    <ClCompile Include="..\..\vm\pmstdlib_img.c">
      <Filter>Generated C Sources</Filter>
    </ClCompile>
    <ClCompile Include="..\..\vm\pmstdlib_nat.c">
      <Filter>Generated C Sources</Filter>
    </ClCompile>
  </ItemGroup>
  <ItemGroup>
    <ClInclude Include="..\..\vm\pm.h">
      <Filter>Header Files</Filter>
    </ClInclude>
    <ClInclude Include="pmfeatures.h">
      <Filter>Header Files</Filter>
    </ClInclude>
    <ClInclude Include="stdint.h">
      <Filter>Header Files</Filter>
    </ClInclude>
  </ItemGroup>
  <ItemGroup>
    <None Include="README" />
  </ItemGroup>
</Project>