// !$*UTF8*$!
{
	archiveVersion = 1;
	classes = {
	};
	objectVersion = 45;
	objects = {

/* Begin PBXFileReference section */
		4354B66314FED9FE004BA3B4 /* flight */ = {isa = PBXFileReference; lastKnownFileType = folder; name = flight; path = ../..; sourceTree = SOURCE_ROOT; };
		65173C9F12EBFD1700D6A7CB /* Makefile */ = {isa = PBXFileReference; fileEncoding = 4; lastKnownFileType = sourcecode.make; name = Makefile; path = ../../../Makefile; sourceTree = SOURCE_ROOT; };
		65904F1814632C1700FD9482 /* firmware-defs.mk */ = {isa = PBXFileReference; fileEncoding = 4; lastKnownFileType = text; path = "firmware-defs.mk"; sourceTree = "<group>"; };
		65904F2214632C1700FD9482 /* board-info.mk */ = {isa = PBXFileReference; fileEncoding = 4; lastKnownFileType = text; path = "board-info.mk"; sourceTree = "<group>"; };
		65904F2314632C1700FD9482 /* board-info.mk */ = {isa = PBXFileReference; fileEncoding = 4; lastKnownFileType = text; path = "board-info.mk"; sourceTree = "<group>"; };
		65904F2414632C1700FD9482 /* board-info.mk */ = {isa = PBXFileReference; fileEncoding = 4; lastKnownFileType = text; path = "board-info.mk"; sourceTree = "<group>"; };
		65904F2514632C1700FD9482 /* board-info.mk */ = {isa = PBXFileReference; fileEncoding = 4; lastKnownFileType = text; path = "board-info.mk"; sourceTree = "<group>"; };
		65904F2614632C1700FD9482 /* board-info.mk */ = {isa = PBXFileReference; fileEncoding = 4; lastKnownFileType = text; path = "board-info.mk"; sourceTree = "<group>"; };
		65904F2714632C1700FD9482 /* board-info.mk */ = {isa = PBXFileReference; fileEncoding = 4; lastKnownFileType = text; path = "board-info.mk"; sourceTree = "<group>"; };
		65904F2814632C1700FD9482 /* version-info.py */ = {isa = PBXFileReference; fileEncoding = 4; lastKnownFileType = text.script.python; path = "version-info.py"; sourceTree = "<group>"; };
		65904F2914632C1700FD9482 /* firmwareinfotemplate.c */ = {isa = PBXFileReference; fileEncoding = 4; lastKnownFileType = sourcecode.c.c; path = firmwareinfotemplate.c; sourceTree = "<group>"; };
		65904F2A14632C1700FD9482 /* gcsversioninfotemplate.h */ = {isa = PBXFileReference; fileEncoding = 4; lastKnownFileType = sourcecode.c.h; path = gcsversioninfotemplate.h; sourceTree = "<group>"; };
		65904F2D14632C1700FD9482 /* README.txt */ = {isa = PBXFileReference; fileEncoding = 4; lastKnownFileType = text; path = README.txt; sourceTree = "<group>"; };
		65904F2E14632C1700FD9482 /* shell_script.reg */ = {isa = PBXFileReference; fileEncoding = 4; lastKnownFileType = text; path = shell_script.reg; sourceTree = "<group>"; };
		65904F2F14632C1700FD9482 /* install */ = {isa = PBXFileReference; fileEncoding = 4; lastKnownFileType = text.script.sh; path = install; sourceTree = "<group>"; };
		65904F3014632C1700FD9482 /* make */ = {isa = PBXFileReference; fileEncoding = 4; lastKnownFileType = text.script.sh; path = make; sourceTree = "<group>"; };
		65904F3114632C1700FD9482 /* make.sh */ = {isa = PBXFileReference; fileEncoding = 4; lastKnownFileType = text.script.sh; path = make.sh; sourceTree = "<group>"; };
		65904F3214632C1700FD9482 /* sh.cmd */ = {isa = PBXFileReference; fileEncoding = 4; lastKnownFileType = text; path = sh.cmd; sourceTree = "<group>"; };
		65904F34146362F300FD9482 /* board-info.mk */ = {isa = PBXFileReference; fileEncoding = 4; lastKnownFileType = text; path = "board-info.mk"; sourceTree = "<group>"; };
		65E466BC14E244020075459C /* uavobjectdefinition */ = {isa = PBXFileReference; lastKnownFileType = folder; path = uavobjectdefinition; sourceTree = "<group>"; };
/* End PBXFileReference section */

/* Begin PBXGroup section */
		08FB7794FE84155DC02AAC07 /* OpenPilotOSX */ = {
			isa = PBXGroup;
			children = (
				4354B66314FED9FE004BA3B4 /* flight */,
				65904F1614632C1700FD9482 /* make */,
				65C35E4E12EFB2F3004811C2 /* shared */,
				65173C9F12EBFD1700D6A7CB /* Makefile */,
			);
			name = OpenPilotOSX;
			sourceTree = "<group>";
		};
		65904F1614632C1700FD9482 /* make */ = {
			isa = PBXGroup;
			children = (
				65904F1714632C1700FD9482 /* boards */,
				65904F1814632C1700FD9482 /* firmware-defs.mk */,
				65904F1914632C1700FD9482 /* scripts */,
				65904F1A14632C1700FD9482 /* templates */,
				65904F1B14632C1700FD9482 /* winx86 */,
			);
			name = make;
			path = OpenPilotOSX.xcodeproj/../../../../make;
			sourceTree = "<group>";
		};
		65904F1714632C1700FD9482 /* boards */ = {
			isa = PBXGroup;
			children = (
				65904F33146362F300FD9482 /* revolution */,
				65904F1C14632C1700FD9482 /* ahrs */,
				65904F1D14632C1700FD9482 /* coptercontrol */,
				65904F1E14632C1700FD9482 /* esc */,
				65904F1F14632C1700FD9482 /* ins */,
				65904F2014632C1700FD9482 /* openpilot */,
				65904F2114632C1700FD9482 /* pipxtreme */,
			);
			path = boards;
			sourceTree = "<group>";
		};
		65904F1914632C1700FD9482 /* scripts */ = {
			isa = PBXGroup;
			children = (
				65904F2814632C1700FD9482 /* version-info.py */,
			);
			path = scripts;
			sourceTree = "<group>";
		};
		65904F1A14632C1700FD9482 /* templates */ = {
			isa = PBXGroup;
			children = (
				65904F2914632C1700FD9482 /* firmwareinfotemplate.c */,
				65904F2A14632C1700FD9482 /* gcsversioninfotemplate.h */,
			);
			path = templates;
			sourceTree = "<group>";
		};
		65904F1B14632C1700FD9482 /* winx86 */ = {
			isa = PBXGroup;
			children = (
				65904F2B14632C1700FD9482 /* bin */,
				65904F2C14632C1700FD9482 /* cmd */,
				65904F2D14632C1700FD9482 /* README.txt */,
				65904F2E14632C1700FD9482 /* shell_script.reg */,
			);
			path = winx86;
			sourceTree = "<group>";
		};
		65904F1C14632C1700FD9482 /* ahrs */ = {
			isa = PBXGroup;
			children = (
				65904F2214632C1700FD9482 /* board-info.mk */,
			);
			path = ahrs;
			sourceTree = "<group>";
		};
		65904F1D14632C1700FD9482 /* coptercontrol */ = {
			isa = PBXGroup;
			children = (
				65904F2314632C1700FD9482 /* board-info.mk */,
			);
			path = coptercontrol;
			sourceTree = "<group>";
		};
		65904F1E14632C1700FD9482 /* esc */ = {
			isa = PBXGroup;
			children = (
				65904F2414632C1700FD9482 /* board-info.mk */,
			);
			path = esc;
			sourceTree = "<group>";
		};
		65904F1F14632C1700FD9482 /* ins */ = {
			isa = PBXGroup;
			children = (
				65904F2514632C1700FD9482 /* board-info.mk */,
			);
			path = ins;
			sourceTree = "<group>";
		};
		65904F2014632C1700FD9482 /* openpilot */ = {
			isa = PBXGroup;
			children = (
				65904F2614632C1700FD9482 /* board-info.mk */,
			);
			path = openpilot;
			sourceTree = "<group>";
		};
		65904F2114632C1700FD9482 /* pipxtreme */ = {
			isa = PBXGroup;
			children = (
				65904F2714632C1700FD9482 /* board-info.mk */,
			);
			path = pipxtreme;
			sourceTree = "<group>";
		};
		65904F2B14632C1700FD9482 /* bin */ = {
			isa = PBXGroup;
			children = (
				65904F2F14632C1700FD9482 /* install */,
				65904F3014632C1700FD9482 /* make */,
			);
			path = bin;
			sourceTree = "<group>";
		};
		65904F2C14632C1700FD9482 /* cmd */ = {
			isa = PBXGroup;
			children = (
				65904F3114632C1700FD9482 /* make.sh */,
				65904F3214632C1700FD9482 /* sh.cmd */,
			);
			path = cmd;
			sourceTree = "<group>";
		};
		65904F33146362F300FD9482 /* revolution */ = {
			isa = PBXGroup;
			children = (
				65904F34146362F300FD9482 /* board-info.mk */,
			);
			path = revolution;
			sourceTree = "<group>";
		};
		65C35E4E12EFB2F3004811C2 /* shared */ = {
			isa = PBXGroup;
			children = (
				65E466BC14E244020075459C /* uavobjectdefinition */,
			);
			name = shared;
			path = ../../../shared;
			sourceTree = SOURCE_ROOT;
		};
/* End PBXGroup section */

/* Begin PBXLegacyTarget section */
		6581071511DE809D0049FB12 /* OpenPilotOSX */ = {
			isa = PBXLegacyTarget;
			buildArgumentsString = "$(ACTION) -f Makefile.posix";
			buildConfigurationList = 6581071A11DE80A30049FB12 /* Build configuration list for PBXLegacyTarget "OpenPilotOSX" */;
			buildPhases = (
			);
			buildToolPath = /usr/bin/make;
			buildWorkingDirectory = ../../OpenPilot;
			dependencies = (
			);
			name = OpenPilotOSX;
			passBuildSettingsInEnvironment = 1;
			productName = OpenPilotOSX;
		};
/* End PBXLegacyTarget section */

/* Begin PBXProject section */
		08FB7793FE84155DC02AAC07 /* Project object */ = {
			isa = PBXProject;
			attributes = {
				ORGANIZATIONNAME = OpenPilot;
			};
			buildConfigurationList = 1DEB928908733DD80010E9CD /* Build configuration list for PBXProject "OpenPilotOSX" */;
			compatibilityVersion = "Xcode 3.1";
			developmentRegion = English;
			hasScannedForEncodings = 1;
			knownRegions = (
				English,
				Japanese,
				French,
				German,
			);
			mainGroup = 08FB7794FE84155DC02AAC07 /* OpenPilotOSX */;
			projectDirPath = "";
			projectRoot = ../../..;
			targets = (
				6581071511DE809D0049FB12 /* OpenPilotOSX */,
			);
		};
/* End PBXProject section */

/* Begin XCBuildConfiguration section */
		1DEB928A08733DD80010E9CD /* Debug */ = {
			isa = XCBuildConfiguration;
			buildSettings = {
				ARCHS = "$(ARCHS_STANDARD_32_64_BIT)";
				GCC_C_LANGUAGE_STANDARD = gnu99;
				GCC_OPTIMIZATION_LEVEL = 0;
				GCC_WARN_ABOUT_RETURN_TYPE = YES;
				GCC_WARN_UNUSED_VARIABLE = YES;
				ONLY_ACTIVE_ARCH = YES;
				PREBINDING = NO;
				SDKROOT = macosx10.6;
			};
			name = Debug;
		};
		1DEB928B08733DD80010E9CD /* Release */ = {
			isa = XCBuildConfiguration;
			buildSettings = {
				ARCHS = "$(ARCHS_STANDARD_32_64_BIT)";
				GCC_C_LANGUAGE_STANDARD = gnu99;
				GCC_WARN_ABOUT_RETURN_TYPE = YES;
				GCC_WARN_UNUSED_VARIABLE = YES;
				PREBINDING = NO;
				SDKROOT = macosx10.6;
			};
			name = Release;
		};
		6581071611DE809D0049FB12 /* Debug */ = {
			isa = XCBuildConfiguration;
			buildSettings = {
				COPY_PHASE_STRIP = NO;
				GCC_DYNAMIC_NO_PIC = NO;
				GCC_OPTIMIZATION_LEVEL = 0;
				PRODUCT_NAME = OpenPilotOSX;
			};
			name = Debug;
		};
		6581071711DE809D0049FB12 /* Release */ = {
			isa = XCBuildConfiguration;
			buildSettings = {
				COPY_PHASE_STRIP = YES;
				DEBUG_INFORMATION_FORMAT = "dwarf-with-dsym";
				GCC_ENABLE_FIX_AND_CONTINUE = NO;
				PRODUCT_NAME = OpenPilotOSX;
				ZERO_LINK = NO;
			};
			name = Release;
		};
/* End XCBuildConfiguration section */

/* Begin XCConfigurationList section */
		1DEB928908733DD80010E9CD /* Build configuration list for PBXProject "OpenPilotOSX" */ = {
			isa = XCConfigurationList;
			buildConfigurations = (
				1DEB928A08733DD80010E9CD /* Debug */,
				1DEB928B08733DD80010E9CD /* Release */,
			);
			defaultConfigurationIsVisible = 0;
			defaultConfigurationName = Release;
		};
		6581071A11DE80A30049FB12 /* Build configuration list for PBXLegacyTarget "OpenPilotOSX" */ = {
			isa = XCConfigurationList;
			buildConfigurations = (
				6581071611DE809D0049FB12 /* Debug */,
				6581071711DE809D0049FB12 /* Release */,
			);
			defaultConfigurationIsVisible = 0;
			defaultConfigurationName = Release;
		};
/* End XCConfigurationList section */
	};
	rootObject = 08FB7793FE84155DC02AAC07 /* Project object */;
}
